
Microsoft Visual Studio Solution File, Format Version 12.00
# Visual Studio Version 17
VisualStudioVersion = 17.0.31903.59
MinimumVisualStudioVersion = 10.0.40219.1
Project("{2150E333-8FDC-42A3-9474-1A3956D46DE8}") = "src", "src", "{77B303A4-6792-4860-9E98-28BA595B97BE}"
EndProject
Project("{FAE04EC0-301F-11D3-BF4B-00C04F79EFBC}") = "PrintifyGenerator.Library", "src\PrintifyGenerator.Library\PrintifyGenerator.Library.csproj", "{D296D074-1460-4BB9-9B18-900F042092D6}"
EndProject
Project("{FAE04EC0-301F-11D3-BF4B-00C04F79EFBC}") = "PrintifyGenerator.CacheGenerator", "src\PrintifyGenerator.CacheGenerator\PrintifyGenerator.CacheGenerator.csproj", "{F82C09C8-5496-44F0-B54E-0C642DEA7435}"
EndProject
Project("{FAE04EC0-301F-11D3-BF4B-00C04F79EFBC}") = "PrintifyGenerator.Testings", "src\PrintifyGenerator.Testings\PrintifyGenerator.Testings.csproj", "{5BB36699-0534-4675-9C0E-3BC70772CC75}"
EndProject
Project("{FAE04EC0-301F-11D3-BF4B-00C04F79EFBC}") = "PrintifyGenerator.Dashboard", "src\PrintifyGenerator.Dashboard\PrintifyGenerator.Dashboard.csproj", "{EBCC3D73-A5B4-492C-8309-019959ED3929}"
EndProject
Project("{FAE04EC0-301F-11D3-BF4B-00C04F79EFBC}") = "PrintifyGenerator.Combined", "src\PrintifyGenerator.Combined\PrintifyGenerator.Combined.csproj", "{F56D31B0-8A72-4073-A34B-CEF5A22DFEA6}"
EndProject
Project("{FAE04EC0-301F-11D3-BF4B-00C04F79EFBC}") = "PrintifyGenerator.AnalyticsApi", "src\PrintifyGenerator.AnalyticsApi\PrintifyGenerator.AnalyticsApi.csproj", "{4F508030-47A6-4B57-B27E-197812257E3E}"
EndProject
Project("{2150E333-8FDC-42A3-9474-1A3956D46DE8}") = "DataGathering", "DataGathering", "{C72562BB-1573-4776-7401-7E6C37D0B989}"
EndProject
Project("{FAE04EC0-301F-11D3-BF4B-00C04F79EFBC}") = "PrintifyGenerator.BlueprintCategoryAudit", "src\DataGathering\PrintifyGenerator.BlueprintCategoryAudit\PrintifyGenerator.BlueprintCategoryAudit.csproj", "{5AE0DE36-E42D-4BE6-AAA2-568B5C36836A}"
EndProject
Project("{FAE04EC0-301F-11D3-BF4B-00C04F79EFBC}") = "PrintifyGenerator.Researcher", "src\DataGathering\PrintifyGenerator.Researcher\PrintifyGenerator.Researcher.csproj", "{B0E291A4-BADE-4305-9345-63EB2C1B7125}"
EndProject
Project("{FAE04EC0-301F-11D3-BF4B-00C04F79EFBC}") = "PrintifyGenerator.Scraper", "src\DataGathering\PrintifyGenerator.Scraper\PrintifyGenerator.Scraper.csproj", "{7AD28789-854A-4626-9127-78798AAB2681}"
EndProject
Project("{FAE04EC0-301F-11D3-BF4B-00C04F79EFBC}") = "PrintifyGenerator.Library.Tests", "src\PrintifyGenerator.Library.Tests\PrintifyGenerator.Library.Tests.csproj", "{65049E72-7939-4B77-B9A8-53FD83E242D1}"
EndProject
Global
	GlobalSection(SolutionConfigurationPlatforms) = preSolution
		Debug|Any CPU = Debug|Any CPU
		Debug|x64 = Debug|x64
		Debug|x86 = Debug|x86
		Release|Any CPU = Release|Any CPU
		Release|x64 = Release|x64
		Release|x86 = Release|x86
	EndGlobalSection
	GlobalSection(ProjectConfigurationPlatforms) = postSolution
		{D296D074-1460-4BB9-9B18-900F042092D6}.Debug|Any CPU.ActiveCfg = Debug|Any CPU
		{D296D074-1460-4BB9-9B18-900F042092D6}.Debug|Any CPU.Build.0 = Debug|Any CPU
		{D296D074-1460-4BB9-9B18-900F042092D6}.Debug|x64.ActiveCfg = Debug|Any CPU
		{D296D074-1460-4BB9-9B18-900F042092D6}.Debug|x64.Build.0 = Debug|Any CPU
		{D296D074-1460-4BB9-9B18-900F042092D6}.Debug|x86.ActiveCfg = Debug|Any CPU
		{D296D074-1460-4BB9-9B18-900F042092D6}.Debug|x86.Build.0 = Debug|Any CPU
		{D296D074-1460-4BB9-9B18-900F042092D6}.Release|Any CPU.ActiveCfg = Release|Any CPU
		{D296D074-1460-4BB9-9B18-900F042092D6}.Release|Any CPU.Build.0 = Release|Any CPU
		{D296D074-1460-4BB9-9B18-900F042092D6}.Release|x64.ActiveCfg = Release|Any CPU
		{D296D074-1460-4BB9-9B18-900F042092D6}.Release|x64.Build.0 = Release|Any CPU
		{D296D074-1460-4BB9-9B18-900F042092D6}.Release|x86.ActiveCfg = Release|Any CPU
		{D296D074-1460-4BB9-9B18-900F042092D6}.Release|x86.Build.0 = Release|Any CPU
		{5BB36699-0534-4675-9C0E-3BC70772CC75}.Debug|Any CPU.ActiveCfg = Debug|Any CPU
		{5BB36699-0534-4675-9C0E-3BC70772CC75}.Debug|Any CPU.Build.0 = Debug|Any CPU
		{5BB36699-0534-4675-9C0E-3BC70772CC75}.Debug|x64.ActiveCfg = Debug|Any CPU
		{5BB36699-0534-4675-9C0E-3BC70772CC75}.Debug|x64.Build.0 = Debug|Any CPU
		{5BB36699-0534-4675-9C0E-3BC70772CC75}.Debug|x86.ActiveCfg = Debug|Any CPU
		{5BB36699-0534-4675-9C0E-3BC70772CC75}.Debug|x86.Build.0 = Debug|Any CPU
		{5BB36699-0534-4675-9C0E-3BC70772CC75}.Release|Any CPU.ActiveCfg = Release|Any CPU
		{5BB36699-0534-4675-9C0E-3BC70772CC75}.Release|Any CPU.Build.0 = Release|Any CPU
		{5BB36699-0534-4675-9C0E-3BC70772CC75}.Release|x64.ActiveCfg = Release|Any CPU
		{5BB36699-0534-4675-9C0E-3BC70772CC75}.Release|x64.Build.0 = Release|Any CPU
		{5BB36699-0534-4675-9C0E-3BC70772CC75}.Release|x86.ActiveCfg = Release|Any CPU
		{5BB36699-0534-4675-9C0E-3BC70772CC75}.Release|x86.Build.0 = Release|Any CPU
		{EBCC3D73-A5B4-492C-8309-019959ED3929}.Debug|Any CPU.ActiveCfg = Debug|Any CPU
		{EBCC3D73-A5B4-492C-8309-019959ED3929}.Debug|Any CPU.Build.0 = Debug|Any CPU
		{EBCC3D73-A5B4-492C-8309-019959ED3929}.Debug|x64.ActiveCfg = Debug|Any CPU
		{EBCC3D73-A5B4-492C-8309-019959ED3929}.Debug|x64.Build.0 = Debug|Any CPU
		{EBCC3D73-A5B4-492C-8309-019959ED3929}.Debug|x86.ActiveCfg = Debug|Any CPU
		{EBCC3D73-A5B4-492C-8309-019959ED3929}.Debug|x86.Build.0 = Debug|Any CPU
		{EBCC3D73-A5B4-492C-8309-019959ED3929}.Release|Any CPU.ActiveCfg = Release|Any CPU
		{EBCC3D73-A5B4-492C-8309-019959ED3929}.Release|Any CPU.Build.0 = Release|Any CPU
		{EBCC3D73-A5B4-492C-8309-019959ED3929}.Release|x64.ActiveCfg = Release|Any CPU
		{EBCC3D73-A5B4-492C-8309-019959ED3929}.Release|x64.Build.0 = Release|Any CPU
		{EBCC3D73-A5B4-492C-8309-019959ED3929}.Release|x86.ActiveCfg = Release|Any CPU
		{EBCC3D73-A5B4-492C-8309-019959ED3929}.Release|x86.Build.0 = Release|Any CPU
		{F56D31B0-8A72-4073-A34B-CEF5A22DFEA6}.Debug|Any CPU.ActiveCfg = Debug|Any CPU
		{F56D31B0-8A72-4073-A34B-CEF5A22DFEA6}.Debug|Any CPU.Build.0 = Debug|Any CPU
		{F56D31B0-8A72-4073-A34B-CEF5A22DFEA6}.Debug|x64.ActiveCfg = Debug|Any CPU
		{F56D31B0-8A72-4073-A34B-CEF5A22DFEA6}.Debug|x64.Build.0 = Debug|Any CPU
		{F56D31B0-8A72-4073-A34B-CEF5A22DFEA6}.Debug|x86.ActiveCfg = Debug|Any CPU
		{F56D31B0-8A72-4073-A34B-CEF5A22DFEA6}.Debug|x86.Build.0 = Debug|Any CPU
		{F56D31B0-8A72-4073-A34B-CEF5A22DFEA6}.Release|Any CPU.ActiveCfg = Release|Any CPU
		{F56D31B0-8A72-4073-A34B-CEF5A22DFEA6}.Release|Any CPU.Build.0 = Release|Any CPU
		{F56D31B0-8A72-4073-A34B-CEF5A22DFEA6}.Release|x64.ActiveCfg = Release|Any CPU
		{F56D31B0-8A72-4073-A34B-CEF5A22DFEA6}.Release|x64.Build.0 = Release|Any CPU
		{F56D31B0-8A72-4073-A34B-CEF5A22DFEA6}.Release|x86.ActiveCfg = Release|Any CPU
		{F56D31B0-8A72-4073-A34B-CEF5A22DFEA6}.Release|x86.Build.0 = Release|Any CPU
		{4F508030-47A6-4B57-B27E-197812257E3E}.Debug|Any CPU.ActiveCfg = Debug|Any CPU
		{4F508030-47A6-4B57-B27E-197812257E3E}.Debug|Any CPU.Build.0 = Debug|Any CPU
		{4F508030-47A6-4B57-B27E-197812257E3E}.Debug|x64.ActiveCfg = Debug|Any CPU
		{4F508030-47A6-4B57-B27E-197812257E3E}.Debug|x64.Build.0 = Debug|Any CPU
		{4F508030-47A6-4B57-B27E-197812257E3E}.Debug|x86.ActiveCfg = Debug|Any CPU
		{4F508030-47A6-4B57-B27E-197812257E3E}.Debug|x86.Build.0 = Debug|Any CPU
		{4F508030-47A6-4B57-B27E-197812257E3E}.Release|Any CPU.ActiveCfg = Release|Any CPU
		{4F508030-47A6-4B57-B27E-197812257E3E}.Release|Any CPU.Build.0 = Release|Any CPU
		{4F508030-47A6-4B57-B27E-197812257E3E}.Release|x64.ActiveCfg = Release|Any CPU
		{4F508030-47A6-4B57-B27E-197812257E3E}.Release|x64.Build.0 = Release|Any CPU
		{4F508030-47A6-4B57-B27E-197812257E3E}.Release|x86.ActiveCfg = Release|Any CPU
		{4F508030-47A6-4B57-B27E-197812257E3E}.Release|x86.Build.0 = Release|Any CPU
		{5AE0DE36-E42D-4BE6-AAA2-568B5C36836A}.Debug|Any CPU.ActiveCfg = Debug|Any CPU
		{5AE0DE36-E42D-4BE6-AAA2-568B5C36836A}.Debug|Any CPU.Build.0 = Debug|Any CPU
		{5AE0DE36-E42D-4BE6-AAA2-568B5C36836A}.Debug|x64.ActiveCfg = Debug|Any CPU
		{5AE0DE36-E42D-4BE6-AAA2-568B5C36836A}.Debug|x64.Build.0 = Debug|Any CPU
		{5AE0DE36-E42D-4BE6-AAA2-568B5C36836A}.Debug|x86.ActiveCfg = Debug|Any CPU
		{5AE0DE36-E42D-4BE6-AAA2-568B5C36836A}.Debug|x86.Build.0 = Debug|Any CPU
		{5AE0DE36-E42D-4BE6-AAA2-568B5C36836A}.Release|Any CPU.ActiveCfg = Release|Any CPU
		{5AE0DE36-E42D-4BE6-AAA2-568B5C36836A}.Release|Any CPU.Build.0 = Release|Any CPU
		{5AE0DE36-E42D-4BE6-AAA2-568B5C36836A}.Release|x64.ActiveCfg = Release|Any CPU
		{5AE0DE36-E42D-4BE6-AAA2-568B5C36836A}.Release|x64.Build.0 = Release|Any CPU
		{5AE0DE36-E42D-4BE6-AAA2-568B5C36836A}.Release|x86.ActiveCfg = Release|Any CPU
		{5AE0DE36-E42D-4BE6-AAA2-568B5C36836A}.Release|x86.Build.0 = Release|Any CPU
		{B0E291A4-BADE-4305-9345-63EB2C1B7125}.Debug|Any CPU.ActiveCfg = Debug|Any CPU
		{B0E291A4-BADE-4305-9345-63EB2C1B7125}.Debug|Any CPU.Build.0 = Debug|Any CPU
		{B0E291A4-BADE-4305-9345-63EB2C1B7125}.Debug|x64.ActiveCfg = Debug|Any CPU
		{B0E291A4-BADE-4305-9345-63EB2C1B7125}.Debug|x64.Build.0 = Debug|Any CPU
		{B0E291A4-BADE-4305-9345-63EB2C1B7125}.Debug|x86.ActiveCfg = Debug|Any CPU
		{B0E291A4-BADE-4305-9345-63EB2C1B7125}.Debug|x86.Build.0 = Debug|Any CPU
		{B0E291A4-BADE-4305-9345-63EB2C1B7125}.Release|Any CPU.ActiveCfg = Release|Any CPU
		{B0E291A4-BADE-4305-9345-63EB2C1B7125}.Release|Any CPU.Build.0 = Release|Any CPU
		{B0E291A4-BADE-4305-9345-63EB2C1B7125}.Release|x64.ActiveCfg = Release|Any CPU
		{B0E291A4-BADE-4305-9345-63EB2C1B7125}.Release|x64.Build.0 = Release|Any CPU
		{B0E291A4-BADE-4305-9345-63EB2C1B7125}.Release|x86.ActiveCfg = Release|Any CPU
		{B0E291A4-BADE-4305-9345-63EB2C1B7125}.Release|x86.Build.0 = Release|Any CPU
		{7AD28789-854A-4626-9127-78798AAB2681}.Debug|Any CPU.ActiveCfg = Debug|Any CPU
		{7AD28789-854A-4626-9127-78798AAB2681}.Debug|Any CPU.Build.0 = Debug|Any CPU
		{7AD28789-854A-4626-9127-78798AAB2681}.Debug|x64.ActiveCfg = Debug|Any CPU
		{7AD28789-854A-4626-9127-78798AAB2681}.Debug|x64.Build.0 = Debug|Any CPU
		{7AD28789-854A-4626-9127-78798AAB2681}.Debug|x86.ActiveCfg = Debug|Any CPU
		{7AD28789-854A-4626-9127-78798AAB2681}.Debug|x86.Build.0 = Debug|Any CPU
		{7AD28789-854A-4626-9127-78798AAB2681}.Release|Any CPU.ActiveCfg = Release|Any CPU
		{7AD28789-854A-4626-9127-78798AAB2681}.Release|Any CPU.Build.0 = Release|Any CPU
		{7AD28789-854A-4626-9127-78798AAB2681}.Release|x64.ActiveCfg = Release|Any CPU
		{7AD28789-854A-4626-9127-78798AAB2681}.Release|x64.Build.0 = Release|Any CPU
		{7AD28789-854A-4626-9127-78798AAB2681}.Release|x86.ActiveCfg = Release|Any CPU
		{7AD28789-854A-4626-9127-78798AAB2681}.Release|x86.Build.0 = Release|Any CPU
		{65049E72-7939-4B77-B9A8-53FD83E242D1}.Debug|Any CPU.ActiveCfg = Debug|Any CPU
		{65049E72-7939-4B77-B9A8-53FD83E242D1}.Debug|Any CPU.Build.0 = Debug|Any CPU
		{65049E72-7939-4B77-B9A8-53FD83E242D1}.Debug|x64.ActiveCfg = Debug|Any CPU
		{65049E72-7939-4B77-B9A8-53FD83E242D1}.Debug|x64.Build.0 = Debug|Any CPU
		{65049E72-7939-4B77-B9A8-53FD83E242D1}.Debug|x86.ActiveCfg = Debug|Any CPU
		{65049E72-7939-4B77-B9A8-53FD83E242D1}.Debug|x86.Build.0 = Debug|Any CPU
		{65049E72-7939-4B77-B9A8-53FD83E242D1}.Release|Any CPU.ActiveCfg = Release|Any CPU
		{65049E72-7939-4B77-B9A8-53FD83E242D1}.Release|Any CPU.Build.0 = Release|Any CPU
		{65049E72-7939-4B77-B9A8-53FD83E242D1}.Release|x64.ActiveCfg = Release|Any CPU
		{65049E72-7939-4B77-B9A8-53FD83E242D1}.Release|x64.Build.0 = Release|Any CPU
		{65049E72-7939-4B77-B9A8-53FD83E242D1}.Release|x86.ActiveCfg = Release|Any CPU
		{65049E72-7939-4B77-B9A8-53FD83E242D1}.Release|x86.Build.0 = Release|Any CPU
	EndGlobalSection
	GlobalSection(SolutionProperties) = preSolution
		HideSolutionNode = FALSE
	EndGlobalSection
	GlobalSection(NestedProjects) = preSolution
		{D296D074-1460-4BB9-9B18-900F042092D6} = {77B303A4-6792-4860-9E98-28BA595B97BE}
		{F82C09C8-5496-44F0-B54E-0C642DEA7435} = {77B303A4-6792-4860-9E98-28BA595B97BE}
		{5BB36699-0534-4675-9C0E-3BC70772CC75} = {77B303A4-6792-4860-9E98-28BA595B97BE}
		{EBCC3D73-A5B4-492C-8309-019959ED3929} = {77B303A4-6792-4860-9E98-28BA595B97BE}
		{F56D31B0-8A72-4073-A34B-CEF5A22DFEA6} = {77B303A4-6792-4860-9E98-28BA595B97BE}
		{4F508030-47A6-4B57-B27E-197812257E3E} = {77B303A4-6792-4860-9E98-28BA595B97BE}
		{C72562BB-1573-4776-7401-7E6C37D0B989} = {77B303A4-6792-4860-9E98-28BA595B97BE}
		{5AE0DE36-E42D-4BE6-AAA2-568B5C36836A} = {C72562BB-1573-4776-7401-7E6C37D0B989}
		{B0E291A4-BADE-4305-9345-63EB2C1B7125} = {C72562BB-1573-4776-7401-7E6C37D0B989}
		{7AD28789-854A-4626-9127-78798AAB2681} = {C72562BB-1573-4776-7401-7E6C37D0B989}
		{65049E72-7939-4B77-B9A8-53FD83E242D1} = {77B303A4-6792-4860-9E98-28BA595B97BE}
	EndGlobalSection
EndGlobal
