<<<<<<< HEAD
<<<<<<< HEAD
pid=283496
startedUtc=2026-04-22T02:16:42.7547711Z
=======
<<<<<<< HEAD
pid=2937
startedUtc=2026-04-22T16:39:06.8605919Z
=======
pid=1971469
startedUtc=2026-04-20T21:27:52.5475996Z
>>>>>>> af31aa529216b435292c7eb20210afb5d35bd9a0
>>>>>>> 8602b66bf87ae47fa0cf5021dc57610a505021d2
=======
pid=1971469
startedUtc=2026-04-20T21:27:52.5475996Z
>>>>>>> 9ca2f246c10b1eb936074276f880e9cb86382c04
